
Microsoft Visual Studio Solution File, Format Version 12.00
# Visual Studio Version 17
VisualStudioVersion = 17.9.34723.18
MinimumVisualStudioVersion = 10.0.40219.1
Project("{9A19103F-16F7-4668-BE54-9A1E7A4F7556}") = "NP 02. TCP Socket Client", "NP 02. TCP Socket Client\NP 02. TCP Socket Client.csproj", "{0D4B17EB-4EC6-45C1-B026-A9355FE1D154}"
EndProject
Project("{9A19103F-16F7-4668-BE54-9A1E7A4F7556}") = "NP 02. TCP Socket Listener", "NP 02. TCP Socket Listener\NP 02. TCP Socket Listener.csproj", "{0A433EFA-4755-4C10-BDD7-8CC8934A4E1C}"
EndProject
Project("{9A19103F-16F7-4668-BE54-9A1E7A4F7556}") = "NP 02. Socket UDP Listener", "NP 02. Socket UDP Listener\NP 02. Socket UDP Listener.csproj", "{8EE9FD7D-7B06-434B-B28F-44652B77C60A}"
EndProject
Project("{9A19103F-16F7-4668-BE54-9A1E7A4F7556}") = "NP 02. Socket UDP Client", "NP 02. Socket UDP Client\NP 02. Socket UDP Client.csproj", "{2647EB8C-3486-43E3-9BCF-6C450D00962B}"
EndProject
Project("{888888A0-9F3D-457C-B088-3A5042F75D52}") = "NP 02. Socket UDP Listener Python", "NP 02. Socket UDP Listener Python\NP 02. Socket UDP Listener Python.pyproj", "{0B509DF3-51B6-4AD5-BB0D-41291F34EC39}"
EndProject
Project("{8BC9CEB8-8B4A-11D0-8D11-00A0C91BC942}") = "NP 02. UDP Socket Listener C", "NP 02. UDP Socket Listener C\NP 02. UDP Socket Listener C.vcxproj", "{849D15AC-41E6-45F3-86E0-93D18B137A5D}"
EndProject
Project("{2150E333-8FDC-42A3-9474-1A3956D46DE8}") = "NP 02", "NP 02", "{B1EAB608-E02F-4666-B5E0-FF4BCF9C6A19}"
EndProject
Project("{2150E333-8FDC-42A3-9474-1A3956D46DE8}") = "NP 03", "NP 03", "{5D5B2961-0F5E-444B-9877-6B60CFB757F2}"
EndProject
Project("{9A19103F-16F7-4668-BE54-9A1E7A4F7556}") = "NP 03. TcpClient", "NP 03. TcpClient\NP 03. TcpClient.csproj", "{ACFF0C4F-7D0E-441C-BF2E-8C237E803924}"
EndProject
Project("{9A19103F-16F7-4668-BE54-9A1E7A4F7556}") = "NP 03. TcpListener", "NP 03. TcpListener\NP 03. TcpListener.csproj", "{0FE8D17B-5055-43CF-A3E4-FBF35CF06E90}"
EndProject
Project("{9A19103F-16F7-4668-BE54-9A1E7A4F7556}") = "NP 03. UdpClient Client", "NP 03. UdpClient Client\NP 03. UdpClient Client.csproj", "{FF587A9F-F852-4D7A-9576-46E010F6BCD4}"
EndProject
Project("{9A19103F-16F7-4668-BE54-9A1E7A4F7556}") = "NP 03. UdpClient Listener", "NP 03. UdpClient Listener\NP 03. UdpClient Listener.csproj", "{63ED47D2-059A-434C-8B27-2438F629D3C3}"
EndProject
Project("{9A19103F-16F7-4668-BE54-9A1E7A4F7556}") = "NP 03. TCP Task Manager (client side)", "NP 03. TCP Task Manager (client side)\NP 03. TCP Task Manager (client side).csproj", "{D7205B31-B4D4-4B61-B646-35C3755A64CE}"
EndProject
Project("{9A19103F-16F7-4668-BE54-9A1E7A4F7556}") = "NP 03. TCP Task Manager (server side)", "NP 03. TCP Task Manager (server side)\NP 03. TCP Task Manager (server side).csproj", "{BF0E0743-0B13-4812-8663-4E1F0B93DA9A}"
EndProject
Project("{2150E333-8FDC-42A3-9474-1A3956D46DE8}") = "NP 04", "NP 04", "{65A7DD13-8A5A-47E6-88E4-C5DCC7589A14}"
EndProject
Project("{9A19103F-16F7-4668-BE54-9A1E7A4F7556}") = "NP 04. Multicast group listener", "NP 04. Multicast group listener\NP 04. Multicast group listener.csproj", "{CE0B6169-D42B-4967-A48B-60F80EA5C48B}"
EndProject
Project("{9A19103F-16F7-4668-BE54-9A1E7A4F7556}") = "NP 04. Multicast group client", "NP 04. Multicast group client\NP 04. Multicast group client.csproj", "{54E3D735-E4F3-4795-890C-E2D4A7951A4D}"
EndProject
Project("{9A19103F-16F7-4668-BE54-9A1E7A4F7556}") = "NP 04. Broadcast client", "NP 04. Broadcast client\NP 04. Broadcast client.csproj", "{B3068722-7FD5-46DD-888C-C8F1F62CAB6A}"
EndProject
Project("{9A19103F-16F7-4668-BE54-9A1E7A4F7556}") = "NP 04. Broadcast listener", "NP 04. Broadcast listener\NP 04. Broadcast listener.csproj", "{61EAFE19-AC17-446F-91AA-42507B00759C}"
EndProject
Project("{2150E333-8FDC-42A3-9474-1A3956D46DE8}") = "NP 05", "NP 05", "{FCA6853E-D032-42C6-9F61-5F9C18E276C6}"
EndProject
Project("{FAE04EC0-301F-11D3-BF4B-00C04F79EFBC}") = "NP 05. HTTP Client", "NP 05. HTTP Client\NP 05. HTTP Client.csproj", "{62B942B2-6806-4C01-BD56-7C2B2F247687}"
EndProject
Project("{FAE04EC0-301F-11D3-BF4B-00C04F79EFBC}") = "NP 05. HTTP Listener", "NP 05. HTTP Listener\NP 05. HTTP Listener.csproj", "{59E56CBF-D08B-4C1E-ADD4-AC742789D3DB}"
EndProject
Project("{FAE04EC0-301F-11D3-BF4B-00C04F79EFBC}") = "NP 05. HTTP Listener with HTML", "NP 05. HTTP Listener with HTML\NP 05. HTTP Listener with HTML.csproj", "{EBB702A4-A21A-49EA-ADE4-F3FCE2FB753D}"
EndProject
Project("{FAE04EC0-301F-11D3-BF4B-00C04F79EFBC}") = "NP 05. HttpClient API example", "NP 05. HttpClient API example\NP 05. HttpClient API example.csproj", "{D7549E45-067F-4285-8388-C851CA8FB433}"
EndProject
Global
	GlobalSection(SolutionConfigurationPlatforms) = preSolution
		Debug|Any CPU = Debug|Any CPU
		Debug|x64 = Debug|x64
		Debug|x86 = Debug|x86
		Release|Any CPU = Release|Any CPU
		Release|x64 = Release|x64
		Release|x86 = Release|x86
	EndGlobalSection
	GlobalSection(ProjectConfigurationPlatforms) = postSolution
		{0D4B17EB-4EC6-45C1-B026-A9355FE1D154}.Debug|Any CPU.ActiveCfg = Debug|Any CPU
		{0D4B17EB-4EC6-45C1-B026-A9355FE1D154}.Debug|Any CPU.Build.0 = Debug|Any CPU
		{0D4B17EB-4EC6-45C1-B026-A9355FE1D154}.Debug|x64.ActiveCfg = Debug|Any CPU
		{0D4B17EB-4EC6-45C1-B026-A9355FE1D154}.Debug|x64.Build.0 = Debug|Any CPU
		{0D4B17EB-4EC6-45C1-B026-A9355FE1D154}.Debug|x86.ActiveCfg = Debug|Any CPU
		{0D4B17EB-4EC6-45C1-B026-A9355FE1D154}.Debug|x86.Build.0 = Debug|Any CPU
		{0D4B17EB-4EC6-45C1-B026-A9355FE1D154}.Release|Any CPU.ActiveCfg = Release|Any CPU
		{0D4B17EB-4EC6-45C1-B026-A9355FE1D154}.Release|Any CPU.Build.0 = Release|Any CPU
		{0D4B17EB-4EC6-45C1-B026-A9355FE1D154}.Release|x64.ActiveCfg = Release|Any CPU
		{0D4B17EB-4EC6-45C1-B026-A9355FE1D154}.Release|x64.Build.0 = Release|Any CPU
		{0D4B17EB-4EC6-45C1-B026-A9355FE1D154}.Release|x86.ActiveCfg = Release|Any CPU
		{0D4B17EB-4EC6-45C1-B026-A9355FE1D154}.Release|x86.Build.0 = Release|Any CPU
		{0A433EFA-4755-4C10-BDD7-8CC8934A4E1C}.Debug|Any CPU.ActiveCfg = Debug|Any CPU
		{0A433EFA-4755-4C10-BDD7-8CC8934A4E1C}.Debug|Any CPU.Build.0 = Debug|Any CPU
		{0A433EFA-4755-4C10-BDD7-8CC8934A4E1C}.Debug|x64.ActiveCfg = Debug|Any CPU
		{0A433EFA-4755-4C10-BDD7-8CC8934A4E1C}.Debug|x64.Build.0 = Debug|Any CPU
		{0A433EFA-4755-4C10-BDD7-8CC8934A4E1C}.Debug|x86.ActiveCfg = Debug|Any CPU
		{0A433EFA-4755-4C10-BDD7-8CC8934A4E1C}.Debug|x86.Build.0 = Debug|Any CPU
		{0A433EFA-4755-4C10-BDD7-8CC8934A4E1C}.Release|Any CPU.ActiveCfg = Release|Any CPU
		{0A433EFA-4755-4C10-BDD7-8CC8934A4E1C}.Release|Any CPU.Build.0 = Release|Any CPU
		{0A433EFA-4755-4C10-BDD7-8CC8934A4E1C}.Release|x64.ActiveCfg = Release|Any CPU
		{0A433EFA-4755-4C10-BDD7-8CC8934A4E1C}.Release|x64.Build.0 = Release|Any CPU
		{0A433EFA-4755-4C10-BDD7-8CC8934A4E1C}.Release|x86.ActiveCfg = Release|Any CPU
		{0A433EFA-4755-4C10-BDD7-8CC8934A4E1C}.Release|x86.Build.0 = Release|Any CPU
		{8EE9FD7D-7B06-434B-B28F-44652B77C60A}.Debug|Any CPU.ActiveCfg = Debug|Any CPU
		{8EE9FD7D-7B06-434B-B28F-44652B77C60A}.Debug|Any CPU.Build.0 = Debug|Any CPU
		{8EE9FD7D-7B06-434B-B28F-44652B77C60A}.Debug|x64.ActiveCfg = Debug|Any CPU
		{8EE9FD7D-7B06-434B-B28F-44652B77C60A}.Debug|x64.Build.0 = Debug|Any CPU
		{8EE9FD7D-7B06-434B-B28F-44652B77C60A}.Debug|x86.ActiveCfg = Debug|Any CPU
		{8EE9FD7D-7B06-434B-B28F-44652B77C60A}.Debug|x86.Build.0 = Debug|Any CPU
		{8EE9FD7D-7B06-434B-B28F-44652B77C60A}.Release|Any CPU.ActiveCfg = Release|Any CPU
		{8EE9FD7D-7B06-434B-B28F-44652B77C60A}.Release|Any CPU.Build.0 = Release|Any CPU
		{8EE9FD7D-7B06-434B-B28F-44652B77C60A}.Release|x64.ActiveCfg = Release|Any CPU
		{8EE9FD7D-7B06-434B-B28F-44652B77C60A}.Release|x64.Build.0 = Release|Any CPU
		{8EE9FD7D-7B06-434B-B28F-44652B77C60A}.Release|x86.ActiveCfg = Release|Any CPU
		{8EE9FD7D-7B06-434B-B28F-44652B77C60A}.Release|x86.Build.0 = Release|Any CPU
		{2647EB8C-3486-43E3-9BCF-6C450D00962B}.Debug|Any CPU.ActiveCfg = Debug|Any CPU
		{2647EB8C-3486-43E3-9BCF-6C450D00962B}.Debug|Any CPU.Build.0 = Debug|Any CPU
		{2647EB8C-3486-43E3-9BCF-6C450D00962B}.Debug|x64.ActiveCfg = Debug|Any CPU
		{2647EB8C-3486-43E3-9BCF-6C450D00962B}.Debug|x64.Build.0 = Debug|Any CPU
		{2647EB8C-3486-43E3-9BCF-6C450D00962B}.Debug|x86.ActiveCfg = Debug|Any CPU
		{2647EB8C-3486-43E3-9BCF-6C450D00962B}.Debug|x86.Build.0 = Debug|Any CPU
		{2647EB8C-3486-43E3-9BCF-6C450D00962B}.Release|Any CPU.ActiveCfg = Release|Any CPU
		{2647EB8C-3486-43E3-9BCF-6C450D00962B}.Release|Any CPU.Build.0 = Release|Any CPU
		{2647EB8C-3486-43E3-9BCF-6C450D00962B}.Release|x64.ActiveCfg = Release|Any CPU
		{2647EB8C-3486-43E3-9BCF-6C450D00962B}.Release|x64.Build.0 = Release|Any CPU
		{2647EB8C-3486-43E3-9BCF-6C450D00962B}.Release|x86.ActiveCfg = Release|Any CPU
		{2647EB8C-3486-43E3-9BCF-6C450D00962B}.Release|x86.Build.0 = Release|Any CPU
		{0B509DF3-51B6-4AD5-BB0D-41291F34EC39}.Debug|Any CPU.ActiveCfg = Debug|Any CPU
		{0B509DF3-51B6-4AD5-BB0D-41291F34EC39}.Debug|x64.ActiveCfg = Debug|Any CPU
		{0B509DF3-51B6-4AD5-BB0D-41291F34EC39}.Debug|x86.ActiveCfg = Debug|Any CPU
		{0B509DF3-51B6-4AD5-BB0D-41291F34EC39}.Release|Any CPU.ActiveCfg = Release|Any CPU
		{0B509DF3-51B6-4AD5-BB0D-41291F34EC39}.Release|x64.ActiveCfg = Release|Any CPU
		{0B509DF3-51B6-4AD5-BB0D-41291F34EC39}.Release|x86.ActiveCfg = Release|Any CPU
		{849D15AC-41E6-45F3-86E0-93D18B137A5D}.Debug|Any CPU.ActiveCfg = Debug|x64
		{849D15AC-41E6-45F3-86E0-93D18B137A5D}.Debug|Any CPU.Build.0 = Debug|x64
		{849D15AC-41E6-45F3-86E0-93D18B137A5D}.Debug|x64.ActiveCfg = Debug|x64
		{849D15AC-41E6-45F3-86E0-93D18B137A5D}.Debug|x64.Build.0 = Debug|x64
		{849D15AC-41E6-45F3-86E0-93D18B137A5D}.Debug|x86.ActiveCfg = Debug|Win32
		{849D15AC-41E6-45F3-86E0-93D18B137A5D}.Debug|x86.Build.0 = Debug|Win32
		{849D15AC-41E6-45F3-86E0-93D18B137A5D}.Release|Any CPU.ActiveCfg = Release|x64
		{849D15AC-41E6-45F3-86E0-93D18B137A5D}.Release|Any CPU.Build.0 = Release|x64
		{849D15AC-41E6-45F3-86E0-93D18B137A5D}.Release|x64.ActiveCfg = Release|x64
		{849D15AC-41E6-45F3-86E0-93D18B137A5D}.Release|x64.Build.0 = Release|x64
		{849D15AC-41E6-45F3-86E0-93D18B137A5D}.Release|x86.ActiveCfg = Release|Win32
		{849D15AC-41E6-45F3-86E0-93D18B137A5D}.Release|x86.Build.0 = Release|Win32
		{ACFF0C4F-7D0E-441C-BF2E-8C237E803924}.Debug|Any CPU.ActiveCfg = Debug|Any CPU
		{ACFF0C4F-7D0E-441C-BF2E-8C237E803924}.Debug|Any CPU.Build.0 = Debug|Any CPU
		{ACFF0C4F-7D0E-441C-BF2E-8C237E803924}.Debug|x64.ActiveCfg = Debug|Any CPU
		{ACFF0C4F-7D0E-441C-BF2E-8C237E803924}.Debug|x64.Build.0 = Debug|Any CPU
		{ACFF0C4F-7D0E-441C-BF2E-8C237E803924}.Debug|x86.ActiveCfg = Debug|Any CPU
		{ACFF0C4F-7D0E-441C-BF2E-8C237E803924}.Debug|x86.Build.0 = Debug|Any CPU
		{ACFF0C4F-7D0E-441C-BF2E-8C237E803924}.Release|Any CPU.ActiveCfg = Release|Any CPU
		{ACFF0C4F-7D0E-441C-BF2E-8C237E803924}.Release|Any CPU.Build.0 = Release|Any CPU
		{ACFF0C4F-7D0E-441C-BF2E-8C237E803924}.Release|x64.ActiveCfg = Release|Any CPU
		{ACFF0C4F-7D0E-441C-BF2E-8C237E803924}.Release|x64.Build.0 = Release|Any CPU
		{ACFF0C4F-7D0E-441C-BF2E-8C237E803924}.Release|x86.ActiveCfg = Release|Any CPU
		{ACFF0C4F-7D0E-441C-BF2E-8C237E803924}.Release|x86.Build.0 = Release|Any CPU
		{0FE8D17B-5055-43CF-A3E4-FBF35CF06E90}.Debug|Any CPU.ActiveCfg = Debug|Any CPU
		{0FE8D17B-5055-43CF-A3E4-FBF35CF06E90}.Debug|Any CPU.Build.0 = Debug|Any CPU
		{0FE8D17B-5055-43CF-A3E4-FBF35CF06E90}.Debug|x64.ActiveCfg = Debug|Any CPU
		{0FE8D17B-5055-43CF-A3E4-FBF35CF06E90}.Debug|x64.Build.0 = Debug|Any CPU
		{0FE8D17B-5055-43CF-A3E4-FBF35CF06E90}.Debug|x86.ActiveCfg = Debug|Any CPU
		{0FE8D17B-5055-43CF-A3E4-FBF35CF06E90}.Debug|x86.Build.0 = Debug|Any CPU
		{0FE8D17B-5055-43CF-A3E4-FBF35CF06E90}.Release|Any CPU.ActiveCfg = Release|Any CPU
		{0FE8D17B-5055-43CF-A3E4-FBF35CF06E90}.Release|Any CPU.Build.0 = Release|Any CPU
		{0FE8D17B-5055-43CF-A3E4-FBF35CF06E90}.Release|x64.ActiveCfg = Release|Any CPU
		{0FE8D17B-5055-43CF-A3E4-FBF35CF06E90}.Release|x64.Build.0 = Release|Any CPU
		{0FE8D17B-5055-43CF-A3E4-FBF35CF06E90}.Release|x86.ActiveCfg = Release|Any CPU
		{0FE8D17B-5055-43CF-A3E4-FBF35CF06E90}.Release|x86.Build.0 = Release|Any CPU
		{FF587A9F-F852-4D7A-9576-46E010F6BCD4}.Debug|Any CPU.ActiveCfg = Debug|Any CPU
		{FF587A9F-F852-4D7A-9576-46E010F6BCD4}.Debug|Any CPU.Build.0 = Debug|Any CPU
		{FF587A9F-F852-4D7A-9576-46E010F6BCD4}.Debug|x64.ActiveCfg = Debug|Any CPU
		{FF587A9F-F852-4D7A-9576-46E010F6BCD4}.Debug|x64.Build.0 = Debug|Any CPU
		{FF587A9F-F852-4D7A-9576-46E010F6BCD4}.Debug|x86.ActiveCfg = Debug|Any CPU
		{FF587A9F-F852-4D7A-9576-46E010F6BCD4}.Debug|x86.Build.0 = Debug|Any CPU
		{FF587A9F-F852-4D7A-9576-46E010F6BCD4}.Release|Any CPU.ActiveCfg = Release|Any CPU
		{FF587A9F-F852-4D7A-9576-46E010F6BCD4}.Release|Any CPU.Build.0 = Release|Any CPU
		{FF587A9F-F852-4D7A-9576-46E010F6BCD4}.Release|x64.ActiveCfg = Release|Any CPU
		{FF587A9F-F852-4D7A-9576-46E010F6BCD4}.Release|x64.Build.0 = Release|Any CPU
		{FF587A9F-F852-4D7A-9576-46E010F6BCD4}.Release|x86.ActiveCfg = Release|Any CPU
		{FF587A9F-F852-4D7A-9576-46E010F6BCD4}.Release|x86.Build.0 = Release|Any CPU
		{63ED47D2-059A-434C-8B27-2438F629D3C3}.Debug|Any CPU.ActiveCfg = Debug|Any CPU
		{63ED47D2-059A-434C-8B27-2438F629D3C3}.Debug|Any CPU.Build.0 = Debug|Any CPU
		{63ED47D2-059A-434C-8B27-2438F629D3C3}.Debug|x64.ActiveCfg = Debug|Any CPU
		{63ED47D2-059A-434C-8B27-2438F629D3C3}.Debug|x64.Build.0 = Debug|Any CPU
		{63ED47D2-059A-434C-8B27-2438F629D3C3}.Debug|x86.ActiveCfg = Debug|Any CPU
		{63ED47D2-059A-434C-8B27-2438F629D3C3}.Debug|x86.Build.0 = Debug|Any CPU
		{63ED47D2-059A-434C-8B27-2438F629D3C3}.Release|Any CPU.ActiveCfg = Release|Any CPU
		{63ED47D2-059A-434C-8B27-2438F629D3C3}.Release|Any CPU.Build.0 = Release|Any CPU
		{63ED47D2-059A-434C-8B27-2438F629D3C3}.Release|x64.ActiveCfg = Release|Any CPU
		{63ED47D2-059A-434C-8B27-2438F629D3C3}.Release|x64.Build.0 = Release|Any CPU
		{63ED47D2-059A-434C-8B27-2438F629D3C3}.Release|x86.ActiveCfg = Release|Any CPU
		{63ED47D2-059A-434C-8B27-2438F629D3C3}.Release|x86.Build.0 = Release|Any CPU
		{D7205B31-B4D4-4B61-B646-35C3755A64CE}.Debug|Any CPU.ActiveCfg = Debug|Any CPU
		{D7205B31-B4D4-4B61-B646-35C3755A64CE}.Debug|Any CPU.Build.0 = Debug|Any CPU
		{D7205B31-B4D4-4B61-B646-35C3755A64CE}.Debug|x64.ActiveCfg = Debug|Any CPU
		{D7205B31-B4D4-4B61-B646-35C3755A64CE}.Debug|x64.Build.0 = Debug|Any CPU
		{D7205B31-B4D4-4B61-B646-35C3755A64CE}.Debug|x86.ActiveCfg = Debug|Any CPU
		{D7205B31-B4D4-4B61-B646-35C3755A64CE}.Debug|x86.Build.0 = Debug|Any CPU
		{D7205B31-B4D4-4B61-B646-35C3755A64CE}.Release|Any CPU.ActiveCfg = Release|Any CPU
		{D7205B31-B4D4-4B61-B646-35C3755A64CE}.Release|Any CPU.Build.0 = Release|Any CPU
		{D7205B31-B4D4-4B61-B646-35C3755A64CE}.Release|x64.ActiveCfg = Release|Any CPU
		{D7205B31-B4D4-4B61-B646-35C3755A64CE}.Release|x64.Build.0 = Release|Any CPU
		{D7205B31-B4D4-4B61-B646-35C3755A64CE}.Release|x86.ActiveCfg = Release|Any CPU
		{D7205B31-B4D4-4B61-B646-35C3755A64CE}.Release|x86.Build.0 = Release|Any CPU
		{BF0E0743-0B13-4812-8663-4E1F0B93DA9A}.Debug|Any CPU.ActiveCfg = Debug|Any CPU
		{BF0E0743-0B13-4812-8663-4E1F0B93DA9A}.Debug|Any CPU.Build.0 = Debug|Any CPU
		{BF0E0743-0B13-4812-8663-4E1F0B93DA9A}.Debug|x64.ActiveCfg = Debug|Any CPU
		{BF0E0743-0B13-4812-8663-4E1F0B93DA9A}.Debug|x64.Build.0 = Debug|Any CPU
		{BF0E0743-0B13-4812-8663-4E1F0B93DA9A}.Debug|x86.ActiveCfg = Debug|Any CPU
		{BF0E0743-0B13-4812-8663-4E1F0B93DA9A}.Debug|x86.Build.0 = Debug|Any CPU
		{BF0E0743-0B13-4812-8663-4E1F0B93DA9A}.Release|Any CPU.ActiveCfg = Release|Any CPU
		{BF0E0743-0B13-4812-8663-4E1F0B93DA9A}.Release|Any CPU.Build.0 = Release|Any CPU
		{BF0E0743-0B13-4812-8663-4E1F0B93DA9A}.Release|x64.ActiveCfg = Release|Any CPU
		{BF0E0743-0B13-4812-8663-4E1F0B93DA9A}.Release|x64.Build.0 = Release|Any CPU
		{BF0E0743-0B13-4812-8663-4E1F0B93DA9A}.Release|x86.ActiveCfg = Release|Any CPU
		{BF0E0743-0B13-4812-8663-4E1F0B93DA9A}.Release|x86.Build.0 = Release|Any CPU
		{CE0B6169-D42B-4967-A48B-60F80EA5C48B}.Debug|Any CPU.ActiveCfg = Debug|Any CPU
		{CE0B6169-D42B-4967-A48B-60F80EA5C48B}.Debug|Any CPU.Build.0 = Debug|Any CPU
		{CE0B6169-D42B-4967-A48B-60F80EA5C48B}.Debug|x64.ActiveCfg = Debug|Any CPU
		{CE0B6169-D42B-4967-A48B-60F80EA5C48B}.Debug|x64.Build.0 = Debug|Any CPU
		{CE0B6169-D42B-4967-A48B-60F80EA5C48B}.Debug|x86.ActiveCfg = Debug|Any CPU
		{CE0B6169-D42B-4967-A48B-60F80EA5C48B}.Debug|x86.Build.0 = Debug|Any CPU
		{CE0B6169-D42B-4967-A48B-60F80EA5C48B}.Release|Any CPU.ActiveCfg = Release|Any CPU
		{CE0B6169-D42B-4967-A48B-60F80EA5C48B}.Release|Any CPU.Build.0 = Release|Any CPU
		{CE0B6169-D42B-4967-A48B-60F80EA5C48B}.Release|x64.ActiveCfg = Release|Any CPU
		{CE0B6169-D42B-4967-A48B-60F80EA5C48B}.Release|x64.Build.0 = Release|Any CPU
		{CE0B6169-D42B-4967-A48B-60F80EA5C48B}.Release|x86.ActiveCfg = Release|Any CPU
		{CE0B6169-D42B-4967-A48B-60F80EA5C48B}.Release|x86.Build.0 = Release|Any CPU
		{54E3D735-E4F3-4795-890C-E2D4A7951A4D}.Debug|Any CPU.ActiveCfg = Debug|Any CPU
		{54E3D735-E4F3-4795-890C-E2D4A7951A4D}.Debug|Any CPU.Build.0 = Debug|Any CPU
		{54E3D735-E4F3-4795-890C-E2D4A7951A4D}.Debug|x64.ActiveCfg = Debug|Any CPU
		{54E3D735-E4F3-4795-890C-E2D4A7951A4D}.Debug|x64.Build.0 = Debug|Any CPU
		{54E3D735-E4F3-4795-890C-E2D4A7951A4D}.Debug|x86.ActiveCfg = Debug|Any CPU
		{54E3D735-E4F3-4795-890C-E2D4A7951A4D}.Debug|x86.Build.0 = Debug|Any CPU
		{54E3D735-E4F3-4795-890C-E2D4A7951A4D}.Release|Any CPU.ActiveCfg = Release|Any CPU
		{54E3D735-E4F3-4795-890C-E2D4A7951A4D}.Release|Any CPU.Build.0 = Release|Any CPU
		{54E3D735-E4F3-4795-890C-E2D4A7951A4D}.Release|x64.ActiveCfg = Release|Any CPU
		{54E3D735-E4F3-4795-890C-E2D4A7951A4D}.Release|x64.Build.0 = Release|Any CPU
		{54E3D735-E4F3-4795-890C-E2D4A7951A4D}.Release|x86.ActiveCfg = Release|Any CPU
		{54E3D735-E4F3-4795-890C-E2D4A7951A4D}.Release|x86.Build.0 = Release|Any CPU
		{B3068722-7FD5-46DD-888C-C8F1F62CAB6A}.Debug|Any CPU.ActiveCfg = Debug|Any CPU
		{B3068722-7FD5-46DD-888C-C8F1F62CAB6A}.Debug|Any CPU.Build.0 = Debug|Any CPU
		{B3068722-7FD5-46DD-888C-C8F1F62CAB6A}.Debug|x64.ActiveCfg = Debug|Any CPU
		{B3068722-7FD5-46DD-888C-C8F1F62CAB6A}.Debug|x64.Build.0 = Debug|Any CPU
		{B3068722-7FD5-46DD-888C-C8F1F62CAB6A}.Debug|x86.ActiveCfg = Debug|Any CPU
		{B3068722-7FD5-46DD-888C-C8F1F62CAB6A}.Debug|x86.Build.0 = Debug|Any CPU
		{B3068722-7FD5-46DD-888C-C8F1F62CAB6A}.Release|Any CPU.ActiveCfg = Release|Any CPU
		{B3068722-7FD5-46DD-888C-C8F1F62CAB6A}.Release|Any CPU.Build.0 = Release|Any CPU
		{B3068722-7FD5-46DD-888C-C8F1F62CAB6A}.Release|x64.ActiveCfg = Release|Any CPU
		{B3068722-7FD5-46DD-888C-C8F1F62CAB6A}.Release|x64.Build.0 = Release|Any CPU
		{B3068722-7FD5-46DD-888C-C8F1F62CAB6A}.Release|x86.ActiveCfg = Release|Any CPU
		{B3068722-7FD5-46DD-888C-C8F1F62CAB6A}.Release|x86.Build.0 = Release|Any CPU
		{61EAFE19-AC17-446F-91AA-42507B00759C}.Debug|Any CPU.ActiveCfg = Debug|Any CPU
		{61EAFE19-AC17-446F-91AA-42507B00759C}.Debug|Any CPU.Build.0 = Debug|Any CPU
		{61EAFE19-AC17-446F-91AA-42507B00759C}.Debug|x64.ActiveCfg = Debug|Any CPU
		{61EAFE19-AC17-446F-91AA-42507B00759C}.Debug|x64.Build.0 = Debug|Any CPU
		{61EAFE19-AC17-446F-91AA-42507B00759C}.Debug|x86.ActiveCfg = Debug|Any CPU
		{61EAFE19-AC17-446F-91AA-42507B00759C}.Debug|x86.Build.0 = Debug|Any CPU
		{61EAFE19-AC17-446F-91AA-42507B00759C}.Release|Any CPU.ActiveCfg = Release|Any CPU
		{61EAFE19-AC17-446F-91AA-42507B00759C}.Release|Any CPU.Build.0 = Release|Any CPU
		{61EAFE19-AC17-446F-91AA-42507B00759C}.Release|x64.ActiveCfg = Release|Any CPU
		{61EAFE19-AC17-446F-91AA-42507B00759C}.Release|x64.Build.0 = Release|Any CPU
		{61EAFE19-AC17-446F-91AA-42507B00759C}.Release|x86.ActiveCfg = Release|Any CPU
		{61EAFE19-AC17-446F-91AA-42507B00759C}.Release|x86.Build.0 = Release|Any CPU
		{62B942B2-6806-4C01-BD56-7C2B2F247687}.Debug|Any CPU.ActiveCfg = Debug|Any CPU
		{62B942B2-6806-4C01-BD56-7C2B2F247687}.Debug|Any CPU.Build.0 = Debug|Any CPU
		{62B942B2-6806-4C01-BD56-7C2B2F247687}.Debug|x64.ActiveCfg = Debug|Any CPU
		{62B942B2-6806-4C01-BD56-7C2B2F247687}.Debug|x64.Build.0 = Debug|Any CPU
		{62B942B2-6806-4C01-BD56-7C2B2F247687}.Debug|x86.ActiveCfg = Debug|Any CPU
		{62B942B2-6806-4C01-BD56-7C2B2F247687}.Debug|x86.Build.0 = Debug|Any CPU
		{62B942B2-6806-4C01-BD56-7C2B2F247687}.Release|Any CPU.ActiveCfg = Release|Any CPU
		{62B942B2-6806-4C01-BD56-7C2B2F247687}.Release|Any CPU.Build.0 = Release|Any CPU
		{62B942B2-6806-4C01-BD56-7C2B2F247687}.Release|x64.ActiveCfg = Release|Any CPU
		{62B942B2-6806-4C01-BD56-7C2B2F247687}.Release|x64.Build.0 = Release|Any CPU
		{62B942B2-6806-4C01-BD56-7C2B2F247687}.Release|x86.ActiveCfg = Release|Any CPU
		{62B942B2-6806-4C01-BD56-7C2B2F247687}.Release|x86.Build.0 = Release|Any CPU
		{59E56CBF-D08B-4C1E-ADD4-AC742789D3DB}.Debug|Any CPU.ActiveCfg = Debug|Any CPU
		{59E56CBF-D08B-4C1E-ADD4-AC742789D3DB}.Debug|Any CPU.Build.0 = Debug|Any CPU
		{59E56CBF-D08B-4C1E-ADD4-AC742789D3DB}.Debug|x64.ActiveCfg = Debug|Any CPU
		{59E56CBF-D08B-4C1E-ADD4-AC742789D3DB}.Debug|x64.Build.0 = Debug|Any CPU
		{59E56CBF-D08B-4C1E-ADD4-AC742789D3DB}.Debug|x86.ActiveCfg = Debug|Any CPU
		{59E56CBF-D08B-4C1E-ADD4-AC742789D3DB}.Debug|x86.Build.0 = Debug|Any CPU
		{59E56CBF-D08B-4C1E-ADD4-AC742789D3DB}.Release|Any CPU.ActiveCfg = Release|Any CPU
		{59E56CBF-D08B-4C1E-ADD4-AC742789D3DB}.Release|Any CPU.Build.0 = Release|Any CPU
		{59E56CBF-D08B-4C1E-ADD4-AC742789D3DB}.Release|x64.ActiveCfg = Release|Any CPU
		{59E56CBF-D08B-4C1E-ADD4-AC742789D3DB}.Release|x64.Build.0 = Release|Any CPU
		{59E56CBF-D08B-4C1E-ADD4-AC742789D3DB}.Release|x86.ActiveCfg = Release|Any CPU
		{59E56CBF-D08B-4C1E-ADD4-AC742789D3DB}.Release|x86.Build.0 = Release|Any CPU
		{EBB702A4-A21A-49EA-ADE4-F3FCE2FB753D}.Debug|Any CPU.ActiveCfg = Debug|Any CPU
		{EBB702A4-A21A-49EA-ADE4-F3FCE2FB753D}.Debug|Any CPU.Build.0 = Debug|Any CPU
		{EBB702A4-A21A-49EA-ADE4-F3FCE2FB753D}.Debug|x64.ActiveCfg = Debug|Any CPU
		{EBB702A4-A21A-49EA-ADE4-F3FCE2FB753D}.Debug|x64.Build.0 = Debug|Any CPU
		{EBB702A4-A21A-49EA-ADE4-F3FCE2FB753D}.Debug|x86.ActiveCfg = Debug|Any CPU
		{EBB702A4-A21A-49EA-ADE4-F3FCE2FB753D}.Debug|x86.Build.0 = Debug|Any CPU
		{EBB702A4-A21A-49EA-ADE4-F3FCE2FB753D}.Release|Any CPU.ActiveCfg = Release|Any CPU
		{EBB702A4-A21A-49EA-ADE4-F3FCE2FB753D}.Release|Any CPU.Build.0 = Release|Any CPU
		{EBB702A4-A21A-49EA-ADE4-F3FCE2FB753D}.Release|x64.ActiveCfg = Release|Any CPU
		{EBB702A4-A21A-49EA-ADE4-F3FCE2FB753D}.Release|x64.Build.0 = Release|Any CPU
		{EBB702A4-A21A-49EA-ADE4-F3FCE2FB753D}.Release|x86.ActiveCfg = Release|Any CPU
		{EBB702A4-A21A-49EA-ADE4-F3FCE2FB753D}.Release|x86.Build.0 = Release|Any CPU
		{D7549E45-067F-4285-8388-C851CA8FB433}.Debug|Any CPU.ActiveCfg = Debug|Any CPU
		{D7549E45-067F-4285-8388-C851CA8FB433}.Debug|Any CPU.Build.0 = Debug|Any CPU
		{D7549E45-067F-4285-8388-C851CA8FB433}.Debug|x64.ActiveCfg = Debug|Any CPU
		{D7549E45-067F-4285-8388-C851CA8FB433}.Debug|x64.Build.0 = Debug|Any CPU
		{D7549E45-067F-4285-8388-C851CA8FB433}.Debug|x86.ActiveCfg = Debug|Any CPU
		{D7549E45-067F-4285-8388-C851CA8FB433}.Debug|x86.Build.0 = Debug|Any CPU
		{D7549E45-067F-4285-8388-C851CA8FB433}.Release|Any CPU.ActiveCfg = Release|Any CPU
		{D7549E45-067F-4285-8388-C851CA8FB433}.Release|Any CPU.Build.0 = Release|Any CPU
		{D7549E45-067F-4285-8388-C851CA8FB433}.Release|x64.ActiveCfg = Release|Any CPU
		{D7549E45-067F-4285-8388-C851CA8FB433}.Release|x64.Build.0 = Release|Any CPU
		{D7549E45-067F-4285-8388-C851CA8FB433}.Release|x86.ActiveCfg = Release|Any CPU
		{D7549E45-067F-4285-8388-C851CA8FB433}.Release|x86.Build.0 = Release|Any CPU
	EndGlobalSection
	GlobalSection(SolutionProperties) = preSolution
		HideSolutionNode = FALSE
	EndGlobalSection
	GlobalSection(NestedProjects) = preSolution
		{0D4B17EB-4EC6-45C1-B026-A9355FE1D154} = {B1EAB608-E02F-4666-B5E0-FF4BCF9C6A19}
		{0A433EFA-4755-4C10-BDD7-8CC8934A4E1C} = {B1EAB608-E02F-4666-B5E0-FF4BCF9C6A19}
		{8EE9FD7D-7B06-434B-B28F-44652B77C60A} = {B1EAB608-E02F-4666-B5E0-FF4BCF9C6A19}
		{2647EB8C-3486-43E3-9BCF-6C450D00962B} = {B1EAB608-E02F-4666-B5E0-FF4BCF9C6A19}
		{0B509DF3-51B6-4AD5-BB0D-41291F34EC39} = {B1EAB608-E02F-4666-B5E0-FF4BCF9C6A19}
		{849D15AC-41E6-45F3-86E0-93D18B137A5D} = {B1EAB608-E02F-4666-B5E0-FF4BCF9C6A19}
		{ACFF0C4F-7D0E-441C-BF2E-8C237E803924} = {5D5B2961-0F5E-444B-9877-6B60CFB757F2}
		{0FE8D17B-5055-43CF-A3E4-FBF35CF06E90} = {5D5B2961-0F5E-444B-9877-6B60CFB757F2}
		{FF587A9F-F852-4D7A-9576-46E010F6BCD4} = {5D5B2961-0F5E-444B-9877-6B60CFB757F2}
		{63ED47D2-059A-434C-8B27-2438F629D3C3} = {5D5B2961-0F5E-444B-9877-6B60CFB757F2}
		{D7205B31-B4D4-4B61-B646-35C3755A64CE} = {5D5B2961-0F5E-444B-9877-6B60CFB757F2}
		{BF0E0743-0B13-4812-8663-4E1F0B93DA9A} = {5D5B2961-0F5E-444B-9877-6B60CFB757F2}
		{CE0B6169-D42B-4967-A48B-60F80EA5C48B} = {65A7DD13-8A5A-47E6-88E4-C5DCC7589A14}
		{54E3D735-E4F3-4795-890C-E2D4A7951A4D} = {65A7DD13-8A5A-47E6-88E4-C5DCC7589A14}
		{B3068722-7FD5-46DD-888C-C8F1F62CAB6A} = {65A7DD13-8A5A-47E6-88E4-C5DCC7589A14}
		{61EAFE19-AC17-446F-91AA-42507B00759C} = {65A7DD13-8A5A-47E6-88E4-C5DCC7589A14}
		{62B942B2-6806-4C01-BD56-7C2B2F247687} = {FCA6853E-D032-42C6-9F61-5F9C18E276C6}
		{59E56CBF-D08B-4C1E-ADD4-AC742789D3DB} = {FCA6853E-D032-42C6-9F61-5F9C18E276C6}
		{EBB702A4-A21A-49EA-ADE4-F3FCE2FB753D} = {FCA6853E-D032-42C6-9F61-5F9C18E276C6}
		{D7549E45-067F-4285-8388-C851CA8FB433} = {FCA6853E-D032-42C6-9F61-5F9C18E276C6}
	EndGlobalSection
	GlobalSection(ExtensibilityGlobals) = postSolution
		SolutionGuid = {B2955D46-4BEB-4080-AB56-A32005B97FEF}
	EndGlobalSection
EndGlobal
